
Microsoft Visual Studio Solution File, Format Version 12.00
# Visual Studio Version 17
VisualStudioVersion = 17.6.33723.286
MinimumVisualStudioVersion = 10.0.40219.1
Project("{FAE04EC0-301F-11D3-BF4B-00C04F79EFBC}") = "Warehouse", "Warehouse\Warehouse.csproj", "{903DF0CB-8C25-4115-B59A-6C73E7B39EE0}"
EndProject
Project("{FAE04EC0-301F-11D3-BF4B-00C04F79EFBC}") = "WarehouseLibrary", "WarehousleLibrary\WarehouseLibrary.csproj", "{32381917-A67E-47B8-AFD5-BE26FDB59D8B}"
EndProject
Project("{2150E333-8FDC-42A3-9474-1A3956D46DE8}") = "Solution Items", "Solution Items", "{982F158E-FF0F-41F4-A9F3-64DC270C23B0}"
	ProjectSection(SolutionItems) = preProject
		.editorconfig = .editorconfig
	EndProjectSection
EndProject
Global
	GlobalSection(SolutionConfigurationPlatforms) = preSolution
		Debug|Any CPU = Debug|Any CPU
		Release|Any CPU = Release|Any CPU
	EndGlobalSection
	GlobalSection(ProjectConfigurationPlatforms) = postSolution
		{903DF0CB-8C25-4115-B59A-6C73E7B39EE0}.Debug|Any CPU.ActiveCfg = Debug|Any CPU
		{903DF0CB-8C25-4115-B59A-6C73E7B39EE0}.Debug|Any CPU.Build.0 = Debug|Any CPU
		{903DF0CB-8C25-4115-B59A-6C73E7B39EE0}.Release|Any CPU.ActiveCfg = Release|Any CPU
		{903DF0CB-8C25-4115-B59A-6C73E7B39EE0}.Release|Any CPU.Build.0 = Release|Any CPU
		{32381917-A67E-47B8-AFD5-BE26FDB59D8B}.Debug|Any CPU.ActiveCfg = Debug|Any CPU
		{32381917-A67E-47B8-AFD5-BE26FDB59D8B}.Debug|Any CPU.Build.0 = Debug|Any CPU
		{32381917-A67E-47B8-AFD5-BE26FDB59D8B}.Release|Any CPU.ActiveCfg = Release|Any CPU
		{32381917-A67E-47B8-AFD5-BE26FDB59D8B}.Release|Any CPU.Build.0 = Release|Any CPU
	EndGlobalSection
	GlobalSection(SolutionProperties) = preSolution
		HideSolutionNode = FALSE
	EndGlobalSection
	GlobalSection(ExtensibilityGlobals) = postSolution
		SolutionGuid = {523D8DB1-1B1C-4B29-A4A0-07E84C9FED77}
	EndGlobalSection
EndGlobal
